# This file is automatically @generated by Cargo.
# It is not intended for manual editing.
version = 4

[[package]]
name = "aead"
version = "0.6.1"
source = "registry+https://github.com/rust-lang/crates.io-index"
checksum = "1973cfbc1a2daf9cf550e74e1f088c28e7f7d8c1e1418fb6c9dc5184b7e84c99"
dependencies = [
 "crypto-common",
 "inout",
]

[[package]]
name = "allocator-api2"
version = "0.2.21"
source = "registry+https://github.com/rust-lang/crates.io-index"
checksum = "683d7910e743518b0e34f1186f92494becacb047c7b6bf616c96772180fef923"

[[package]]
name = "atomic-polyfill"
version = "1.0.3"
source = "registry+https://github.com/rust-lang/crates.io-index"
checksum = "8cf2bce30dfe09ef0bfaef228b9d414faaf7e563035494d7fe092dba54b300f4"
dependencies = [
 "critical-section",
]

[[package]]
name = "autocfg"
version = "1.5.1"
source = "registry+https://github.com/rust-lang/crates.io-index"
checksum = "f2032f911046de80f0a198e0901378627c33f59ea0ac00e363d481118bd70a53"

[[package]]
name = "base64ct"
version = "1.8.3"
source = "registry+https://github.com/rust-lang/crates.io-index"
checksum = "2af50177e190e07a26ab74f8b1efbfe2ef87da2116221318cb1c2e82baf7de06"

[[package]]
name = "block-buffer"
version = "0.12.1"
source = "registry+https://github.com/rust-lang/crates.io-index"
checksum = "d2f6c7dbe95a6ed67ad9f18e57daf93a2f034c524b99fd2b76d18fdfeb6660aa"
dependencies = [
 "hybrid-array",
]

[[package]]
name = "byteorder"
version = "1.5.0"
source = "registry+https://github.com/rust-lang/crates.io-index"
checksum = "1fd0f2584146f6f2ef48085050886acf353beff7305ebd1ae69500e27c67f64b"

[[package]]
name = "cfg-if"
version = "1.0.4"
source = "registry+https://github.com/rust-lang/crates.io-index"
checksum = "9330f8b2ff13f34540b44e946ef35111825727b38d33286ef986142615121801"

[[package]]
name = "chacha20"
version = "0.10.2"
source = "registry+https://github.com/rust-lang/crates.io-index"
checksum = "65c35e4b699c7e15ccbe7ee35c005e4fc0a278d22238a2857e6ce2dadeda1b06"
dependencies = [
 "cfg-if",
 "cipher",
 "cpufeatures",
 "rand_core",
]

[[package]]
name = "chacha20poly1305"
version = "0.11.0"
source = "registry+https://github.com/rust-lang/crates.io-index"
checksum = "9b89e1c441e926b9c82a8d023f6e1b7ae0adcfaa7d621814e4d60789bac751cb"
dependencies = [
 "aead",
 "chacha20",
 "cipher",
 "poly1305",
]

[[package]]
name = "cipher"
version = "0.5.2"
source = "registry+https://github.com/rust-lang/crates.io-index"
checksum = "e8cf2a2c93cd704877c0858356ed03480ff301ee950b43f1cbe4573b088bfa6c"
dependencies = [
 "block-buffer",
 "crypto-common",
 "inout",
]

[[package]]
name = "cmov"
version = "0.5.4"
source = "registry+https://github.com/rust-lang/crates.io-index"
checksum = "0c9ea0ac24bc397ab3c98583a3c9ba74fa56b09a4449bbe172b9b1ddb016027a"

[[package]]
name = "cobs"
version = "0.3.0"
source = "registry+https://github.com/rust-lang/crates.io-index"
checksum = "0fa961b519f0b462e3a3b4a34b64d119eeaca1d59af726fe450bbba07a9fc0a1"
dependencies = [
 "thiserror",
]

[[package]]
name = "const-oid"
version = "0.10.2"
source = "registry+https://github.com/rust-lang/crates.io-index"
checksum = "a6ef517f0926dd24a1582492c791b6a4818a4d94e789a334894aa15b0d12f55c"

[[package]]
name = "cpufeatures"
version = "0.3.1"
source = "registry+https://github.com/rust-lang/crates.io-index"
checksum = "5ca28b0ae3115b884660db4118d803791fd6756b6e88f39c0f3f7859060d7566"
dependencies = [
 "libc",
]

[[package]]
name = "critical-section"
version = "1.2.0"
source = "registry+https://github.com/rust-lang/crates.io-index"
checksum = "790eea4361631c5e7d22598ecd5723ff611904e3344ce8720784c93e3d83d40b"

[[package]]
name = "crypto-common"
version = "0.2.2"
source = "registry+https://github.com/rust-lang/crates.io-index"
checksum = "ce6e4c961d6cd6c9a86db418387425e8bdeaf05b3c8bc1411e6dca4c252f1453"
dependencies = [
 "getrandom",
 "hybrid-array",
 "rand_core",
]

[[package]]
name = "ctutils"
version = "0.4.2"
source = "registry+https://github.com/rust-lang/crates.io-index"
checksum = "7d5515a3834141de9eafb9717ad39eea8247b5674e6066c404e8c4b365d2a29e"
dependencies = [
 "cmov",
]

[[package]]
name = "der"
version = "0.8.2"
source = "registry+https://github.com/rust-lang/crates.io-index"
checksum = "a878c850e9e421b20262e9b41f9c860e4785fa07541c266b62ff9d1ef998a80a"
dependencies = [
 "const-oid",
 "zeroize",
]

[[package]]
name = "digest"
version = "0.11.3"
source = "registry+https://github.com/rust-lang/crates.io-index"
checksum = "f1dd6dbb5841937940781866fa1281a1ff7bd3bf827091440879f9994983d5c2"
dependencies = [
 "block-buffer",
 "crypto-common",
]

[[package]]
name = "either"
version = "1.18.0"
source = "registry+https://github.com/rust-lang/crates.io-index"
checksum = "252afb9ae5eaa683babdc6a068b3f5726eb19e05070c731f9b2a23a7c3e8ed34"

[[package]]
name = "embedded-io"
version = "0.4.0"
source = "registry+https://github.com/rust-lang/crates.io-index"
checksum = "ef1a6892d9eef45c8fa6b9e0086428a2cca8491aca8f787c534a3d6d0bcb3ced"

[[package]]
name = "embedded-io"
version = "0.6.1"
source = "registry+https://github.com/rust-lang/crates.io-index"
checksum = "edd0f118536f44f5ccd48bcb8b111bdc3de888b58c74639dfb034a357d0f206d"

[[package]]
name = "equivalent"
version = "1.0.2"
source = "registry+https://github.com/rust-lang/crates.io-index"
checksum = "877a4ace8713b0bcf2a4e7eec82529c029f1d0619886d18145fea96c3ffe5c0f"

[[package]]
name = "foldhash"
version = "0.2.0"
source = "registry+https://github.com/rust-lang/crates.io-index"
checksum = "77ce24cb58228fbb8aa041425bb1050850ac19177686ea6e0f41a70416f56fdb"

[[package]]
name = "getrandom"
version = "0.4.3"
source = "registry+https://github.com/rust-lang/crates.io-index"
checksum = "300e883d756b2e4ec94e02791f39b04b522276138852cfc41d9fb7e904106099"
dependencies = [
 "cfg-if",
 "libc",
 "r-efi",
 "rand_core",
]

[[package]]
name = "hash32"
version = "0.2.1"
source = "registry+https://github.com/rust-lang/crates.io-index"
checksum = "b0c35f58762feb77d74ebe43bdbc3210f09be9fe6742234d573bacc26ed92b67"
dependencies = [
 "byteorder",
]

[[package]]
name = "hashbrown"
version = "0.17.1"
source = "registry+https://github.com/rust-lang/crates.io-index"
checksum = "ed5909b6e89a2db4456e54cd5f673791d7eca6732202bbf2a9cc504fe2f9b84a"
dependencies = [
 "allocator-api2",
 "equivalent",
 "foldhash",
]

[[package]]
name = "heapless"
version = "0.7.17"
source = "registry+https://github.com/rust-lang/crates.io-index"
checksum = "cdc6457c0eb62c71aac4bc17216026d8410337c4126773b9c5daba343f17964f"
dependencies = [
 "atomic-polyfill",
 "hash32",
 "rustc_version",
 "serde",
 "spin 0.9.9",
 "stable_deref_trait",
]

[[package]]
name = "hybrid-array"
version = "0.4.15"
source = "registry+https://github.com/rust-lang/crates.io-index"
checksum = "27f864f10dfb56725ce5ce5472bc52252c8f93a4ab86327122cebf62c5f59a17"
dependencies = [
 "ctutils",
 "typenum",
]

[[package]]
name = "inout"
version = "0.2.2"
source = "registry+https://github.com/rust-lang/crates.io-index"
checksum = "4250ce6452e92010fdf7268ccc5d14faa80bb12fc741938534c58f16804e03c7"
dependencies = [
 "hybrid-array",
]

[[package]]
name = "itertools"
version = "0.15.0"
source = "registry+https://github.com/rust-lang/crates.io-index"
checksum = "8b4baf93f58d4425749ca49a51c50ebab072c5df6994d08fed93541c331481dc"
dependencies = [
 "either",
]

[[package]]
name = "keccak"
version = "0.2.2"
source = "registry+https://github.com/rust-lang/crates.io-index"
checksum = "d8f198d1db720e4940b5a493201d199d9f24f568f8f746bd13706243a2f71598"
dependencies = [
 "cfg-if",
 "cpufeatures",
]

[[package]]
name = "kem"
version = "0.3.0"
source = "registry+https://github.com/rust-lang/crates.io-index"
checksum = "01737161ba802849cfd486b5bd209d38ba4943494c249a8126005170c7621edd"
dependencies = [
 "crypto-common",
 "rand_core",
]

[[package]]
name = "libc"
version = "0.2.189"
source = "registry+https://github.com/rust-lang/crates.io-index"
checksum = "3eaf3ede3fee6db1a4c2ee091bf8a8b4dccdc6d17f656fb07896ee72867612f2"

[[package]]
name = "libm"
version = "0.2.16"
source = "registry+https://github.com/rust-lang/crates.io-index"
checksum = "b6d2cec3eae94f9f509c767b45932f1ada8350c4bdb85af2fcab4a3c14807981"

[[package]]
name = "lock_api"
version = "0.4.14"
source = "registry+https://github.com/rust-lang/crates.io-index"
checksum = "224399e74b87b5f3557511d98dff8b14089b3dadafcab6bb93eab67d3aace965"
dependencies = [
 "scopeguard",
]

[[package]]
name = "ml-kem"
version = "0.3.2"
source = "registry+https://github.com/rust-lang/crates.io-index"
checksum = "5e15f3e5b957493873e396a66914e83e616b6afe335cdef7efe5c6e1216aba66"
dependencies = [
 "hybrid-array",
 "kem",
 "module-lattice",
 "pkcs8",
 "rand_core",
 "sha3",
]

[[package]]
name = "module-lattice"
version = "0.2.3"
source = "registry+https://github.com/rust-lang/crates.io-index"
checksum = "0c61b87c9683ab7cb1c6871d261ad5479b6b10ceb52c4352aaca3b5d35a8febe"
dependencies = [
 "ctutils",
 "hybrid-array",
 "num-traits",
]

[[package]]
name = "num-bigint"
version = "0.5.1"
source = "registry+https://github.com/rust-lang/crates.io-index"
checksum = "93e7820bc0a80a0238e650327316f929ba18d5be054b647490a3a6a339f3e7c0"
dependencies = [
 "num-integer",
 "num-traits",
]

[[package]]
name = "num-integer"
version = "0.1.47"
source = "registry+https://github.com/rust-lang/crates.io-index"
checksum = "7ce2d95d4b3734dc35aa2f45e1aa22cd416814592a4f9d9205e11affd5b8e10b"
dependencies = [
 "num-traits",
]

[[package]]
name = "num-traits"
version = "0.2.19"
source = "registry+https://github.com/rust-lang/crates.io-index"
checksum = "071dfc062690e90b734c0b2273ce72ad0ffa95f0c74596bc250dcfd960262841"
dependencies = [
 "autocfg",
]

[[package]]
name = "p3-air"
version = "0.7.0"
source = "registry+https://github.com/rust-lang/crates.io-index"
checksum = "1de1da5a48410a5a68356cb0c43e2642b6fab1bb5906d77bd33e3e4c4d2a7785"
dependencies = [
 "p3-field",
 "p3-matrix",
 "serde",
 "tracing",
]

[[package]]
name = "p3-batch-stark"
version = "0.7.0"
source = "registry+https://github.com/rust-lang/crates.io-index"
checksum = "3d68b4d3ba163ef87fb27a61f1c47be9b9eb05e5320c410f9f8cf09503ae4f95"
dependencies = [
 "hashbrown",
 "p3-air",
 "p3-challenger",
 "p3-commit",
 "p3-field",
 "p3-lookup",
 "p3-matrix",
 "p3-maybe-rayon",
 "p3-uni-stark",
 "p3-util",
 "serde",
 "thiserror",
 "tracing",
]

[[package]]
name = "p3-challenger"
version = "0.7.0"
source = "registry+https://github.com/rust-lang/crates.io-index"
checksum = "d33cda6d6dadf1e541121a479589206b83877889d04a3e6a42610c834d348ed2"
dependencies = [
 "p3-field",
 "p3-maybe-rayon",
 "p3-symmetric",
 "p3-util",
 "tracing",
]

[[package]]
name = "p3-commit"
version = "0.7.0"
source = "registry+https://github.com/rust-lang/crates.io-index"
checksum = "a06ff71ad9ca37959a576fe0a6dec2bb53a8d41e06e61707f6e6c301b338f50a"
dependencies = [
 "itertools",
 "p3-dft",
 "p3-field",
 "p3-matrix",
 "p3-multilinear-util",
 "p3-util",
 "serde",
]

[[package]]
name = "p3-dft"
version = "0.7.0"
source = "registry+https://github.com/rust-lang/crates.io-index"
checksum = "4344492a3a2981879411ef31b51b12fb364efeda59b9ac855d7d92559e7b46e8"
dependencies = [
 "itertools",
 "p3-field",
 "p3-matrix",
 "p3-maybe-rayon",
 "p3-util",
 "spin 0.12.3",
 "tracing",
]

[[package]]
name = "p3-field"
version = "0.7.0"
source = "registry+https://github.com/rust-lang/crates.io-index"
checksum = "f45f7364ae3aac1bd42e8dfec4aa76d1bc9087c4749649c893a671e386e96727"
dependencies = [
 "itertools",
 "num-bigint",
 "p3-maybe-rayon",
 "p3-util",
 "paste",
 "rand",
 "serde",
 "tracing",
]

[[package]]
name = "p3-fri"
version = "0.7.0"
source = "registry+https://github.com/rust-lang/crates.io-index"
checksum = "52e1cb8b63f02a9e3e441b20c341856d9bce85ae3e3bee6d3ed0da9bea8779d1"
dependencies = [
 "itertools",
 "p3-challenger",
 "p3-commit",
 "p3-dft",
 "p3-field",
 "p3-matrix",
 "p3-maybe-rayon",
 "p3-security",
 "p3-util",
 "rand",
 "serde",
 "spin 0.12.3",
 "thiserror",
 "tracing",
]

[[package]]
name = "p3-goldilocks"
version = "0.7.0"
source = "registry+https://github.com/rust-lang/crates.io-index"
checksum = "5c62b44c110832ba3d3a5c11160f591205e23f81a08ceb8c7be1a3a71fc4c214"
dependencies = [
 "num-bigint",
 "p3-dft",
 "p3-field",
 "p3-mds",
 "p3-poseidon1",
 "p3-poseidon2",
 "p3-symmetric",
 "p3-util",
 "paste",
 "rand",
 "serde",
 "spin 0.12.3",
]

[[package]]
name = "p3-lookup"
version = "0.7.0"
source = "registry+https://github.com/rust-lang/crates.io-index"
checksum = "6fe175bcc36c74b4252d5e50bf188c0b2e0c58d3c537a579efeb1cae213e19bf"
dependencies = [
 "hashbrown",
 "itertools",
 "num-bigint",
 "p3-air",
 "p3-field",
 "p3-matrix",
 "p3-maybe-rayon",
 "p3-uni-stark",
 "serde",
 "thiserror",
 "tracing",
]

[[package]]
name = "p3-matrix"
version = "0.7.0"
source = "registry+https://github.com/rust-lang/crates.io-index"
checksum = "92f322bd7dded657d51f4c3adcc64bed27ffe4894dbd0f9c077d5670ce73217e"
dependencies = [
 "itertools",
 "p3-field",
 "p3-maybe-rayon",
 "p3-util",
 "rand",
 "serde",
 "tracing",
]

[[package]]
name = "p3-maybe-rayon"
version = "0.7.0"
source = "registry+https://github.com/rust-lang/crates.io-index"
checksum = "486d6396b0d22274f862a6c5987bb25f9ea61b34f21b54c23a2ee53f2d8c20ea"

[[package]]
name = "p3-mds"
version = "0.7.0"
source = "registry+https://github.com/rust-lang/crates.io-index"
checksum = "00e11f572a44aa3c91057e59625d0992aacc6ffdb80dc1b44948d5587d66a159"
dependencies = [
 "p3-dft",
 "p3-field",
 "p3-symmetric",
 "p3-util",
 "rand",
]

[[package]]
name = "p3-merkle-tree"
version = "0.7.0"
source = "registry+https://github.com/rust-lang/crates.io-index"
checksum = "1508ed6e0211a8375ffdcd08746d81841526fe36140d985acd81b4bfe4103649"
dependencies = [
 "itertools",
 "p3-commit",
 "p3-field",
 "p3-matrix",
 "p3-maybe-rayon",
 "p3-symmetric",
 "p3-util",
 "rand",
 "serde",
 "spin 0.12.3",
 "thiserror",
 "tracing",
]

[[package]]
name = "p3-multilinear-util"
version = "0.7.0"
source = "registry+https://github.com/rust-lang/crates.io-index"
checksum = "ad6d6a4c1cf52da9a26779adece687e43cd3f989bcdf4d330dc896860b1194c6"
dependencies = [
 "itertools",
 "p3-field",
 "p3-matrix",
 "p3-maybe-rayon",
 "p3-util",
 "rand",
 "serde",
 "tracing",
]

[[package]]
name = "p3-poseidon1"
version = "0.7.0"
source = "registry+https://github.com/rust-lang/crates.io-index"
checksum = "457e895bcf89b77e062653021b60c12ccd94dce599c54898d9ced4bfbabc820d"
dependencies = [
 "p3-field",
 "p3-mds",
 "p3-symmetric",
 "rand",
]

[[package]]
name = "p3-poseidon2"
version = "0.7.0"
source = "registry+https://github.com/rust-lang/crates.io-index"
checksum = "65501f32d58b5055c9470ccff459b2576de5f4e6ba72e91f78457231bc67b1c6"
dependencies = [
 "p3-field",
 "p3-mds",
 "p3-symmetric",
 "p3-util",
 "rand",
]

[[package]]
name = "p3-security"
version = "0.7.0"
source = "registry+https://github.com/rust-lang/crates.io-index"
checksum = "2347869521f4b61e8851ccb8327879a70e64291e884748d14ebc58bc0dd4dbe5"
dependencies = [
 "libm",
 "p3-air",
 "p3-field",
 "p3-util",
 "serde",
]

[[package]]
name = "p3-symmetric"
version = "0.7.0"
source = "registry+https://github.com/rust-lang/crates.io-index"
checksum = "3335886a1e2bec45877e050f76e6bf7a1a77019111c5f599d8b41c5889a2ea1c"
dependencies = [
 "itertools",
 "p3-field",
 "p3-util",
 "serde",
]

[[package]]
name = "p3-uni-stark"
version = "0.7.0"
source = "registry+https://github.com/rust-lang/crates.io-index"
checksum = "b153514563fef4c3eb87eb26c670a56eff029c333877a13e03e0b2e4897eb84a"
dependencies = [
 "itertools",
 "libm",
 "p3-air",
 "p3-challenger",
 "p3-commit",
 "p3-field",
 "p3-matrix",
 "p3-maybe-rayon",
 "p3-security",
 "p3-util",
 "serde",
 "thiserror",
 "tracing",
]

[[package]]
name = "p3-util"
version = "0.7.0"
source = "registry+https://github.com/rust-lang/crates.io-index"
checksum = "e020b468e9188da32310d8c876225e5183df105a1970368df97f8a76b85dcc5b"
dependencies = [
 "p3-maybe-rayon",
 "serde",
]

[[package]]
name = "paste"
version = "1.0.15"
source = "registry+https://github.com/rust-lang/crates.io-index"
checksum = "57c0d7b74b563b49d38dae00a0c37d4d6de9b432382b2892f0574ddcae73fd0a"

[[package]]
name = "pin-project-lite"
version = "0.2.17"
source = "registry+https://github.com/rust-lang/crates.io-index"
checksum = "a89322df9ebe1c1578d689c92318e070967d1042b512afbe49518723f4e6d5cd"

[[package]]
name = "pkcs8"
version = "0.11.0"
source = "registry+https://github.com/rust-lang/crates.io-index"
checksum = "451913da69c775a56034ea8d9003d27ee8948e12443eae7c038ba100a4f21cb7"
dependencies = [
 "der",
 "spki",
]

[[package]]
name = "poly1305"
version = "0.9.1"
source = "registry+https://github.com/rust-lang/crates.io-index"
checksum = "6e2d0073b297041425c7c3df6eb4792d598a15323fe63346852b092eca02904c"
dependencies = [
 "cpufeatures",
 "universal-hash",
]

[[package]]
name = "postcard"
version = "1.1.3"
source = "registry+https://github.com/rust-lang/crates.io-index"
checksum = "6764c3b5dd454e283a30e6dfe78e9b31096d9e32036b5d1eaac7a6119ccb9a24"
dependencies = [
 "cobs",
 "embedded-io 0.4.0",
 "embedded-io 0.6.1",
 "heapless",
 "serde",
]

[[package]]
name = "proc-macro2"
version = "1.0.107"
source = "registry+https://github.com/rust-lang/crates.io-index"
checksum = "985e7ec9bb745e6ce6535b544d84d6cd6f7ad8bd711c398938ae983b91a766d9"
dependencies = [
 "unicode-ident",
]

[[package]]
name = "quote"
version = "1.0.47"
source = "registry+https://github.com/rust-lang/crates.io-index"
checksum = "1fbf4db142a473a8d80c26bbf18454ed458bf8d26c8219c331daecfdbd079001"
dependencies = [
 "proc-macro2",
]

[[package]]
name = "r-efi"
version = "6.0.0"
source = "registry+https://github.com/rust-lang/crates.io-index"
checksum = "f8dcc9c7d52a811697d2151c701e0d08956f92b0e24136cf4cf27b57a6a0d9bf"

[[package]]
name = "rand"
version = "0.10.2"
source = "registry+https://github.com/rust-lang/crates.io-index"
checksum = "c7f5fa3a058cd35567ef9bfa5e75732bee0f9e4c55fa90477bef2dfcdbc4be80"
dependencies = [
 "chacha20",
 "getrandom",
 "rand_core",
]

[[package]]
name = "rand_core"
version = "0.10.1"
source = "registry+https://github.com/rust-lang/crates.io-index"
checksum = "63b8176103e19a2643978565ca18b50549f6101881c443590420e4dc998a3c69"

[[package]]
name = "rand_zkvm"
version = "0.1.0"
dependencies = [
 "chacha20poly1305",
 "ml-kem",
 "p3-air",
 "p3-batch-stark",
 "p3-challenger",
 "p3-commit",
 "p3-dft",
 "p3-field",
 "p3-fri",
 "p3-goldilocks",
 "p3-lookup",
 "p3-matrix",
 "p3-merkle-tree",
 "p3-symmetric",
 "p3-uni-stark",
 "postcard",
 "rand",
 "serde",
]

[[package]]
name = "rustc_version"
version = "0.4.1"
source = "registry+https://github.com/rust-lang/crates.io-index"
checksum = "cfcb3a22ef46e85b45de6ee7e79d063319ebb6594faafcf1c225ea92ab6e9b92"
dependencies = [
 "semver",
]

[[package]]
name = "scopeguard"
version = "1.2.0"
source = "registry+https://github.com/rust-lang/crates.io-index"
checksum = "94143f37725109f92c262ed2cf5e59bce7498c01bcc1502d7b9afe439a4e9f49"

[[package]]
name = "semver"
version = "1.0.28"
source = "registry+https://github.com/rust-lang/crates.io-index"
checksum = "8a7852d02fc848982e0c167ef163aaff9cd91dc640ba85e263cb1ce46fae51cd"

[[package]]
name = "serde"
version = "1.0.229"
source = "registry+https://github.com/rust-lang/crates.io-index"
checksum = "4148590afebada386688f18773da617792bf2ef03ffc1e4cbd2b1d45b023e0ba"
dependencies = [
 "serde_core",
 "serde_derive",
]

[[package]]
name = "serde_core"
version = "1.0.229"
source = "registry+https://github.com/rust-lang/crates.io-index"
checksum = "67dca2c9c51e58a4791a4b1ed58308b39c64224d349a935ab5039aa360942a48"
dependencies = [
 "serde_derive",
]

[[package]]
name = "serde_derive"
version = "1.0.229"
source = "registry+https://github.com/rust-lang/crates.io-index"
checksum = "e7a5d71263a5a7d47b41f6b3f06ba276f10cc18b0931f1799f710578e2309348"
dependencies = [
 "proc-macro2",
 "quote",
 "syn 3.0.5",
]

[[package]]
name = "sha3"
version = "0.11.0"
source = "registry+https://github.com/rust-lang/crates.io-index"
checksum = "be176f1a57ce4e3d31c1a166222d9768de5954f811601fb7ca06fc8203905ce1"
dependencies = [
 "digest",
 "keccak",
]

[[package]]
name = "spin"
version = "0.9.9"
source = "registry+https://github.com/rust-lang/crates.io-index"
checksum = "3763264f6b73151db08c50ff20d7d8a0b8796e021cdea7ceedad07b80155fa0e"
dependencies = [
 "lock_api",
]

[[package]]
name = "spin"
version = "0.12.3"
source = "registry+https://github.com/rust-lang/crates.io-index"
checksum = "0134f9043ed38b087ac4f7d4af44c79e2c9e5094421fe3164f435ce585953b10"
dependencies = [
 "lock_api",
]

[[package]]
name = "spki"
version = "0.8.0"
source = "registry+https://github.com/rust-lang/crates.io-index"
checksum = "1d9efca8738c78ee9484207732f728b1ef517bbb1833d6fc0879ca898a522f6f"
dependencies = [
 "base64ct",
 "der",
]

[[package]]
name = "stable_deref_trait"
version = "1.2.1"
source = "registry+https://github.com/rust-lang/crates.io-index"
checksum = "6ce2be8dc25455e1f91df71bfa12ad37d7af1092ae736f3a6cd0e37bc7810596"

[[package]]
name = "syn"
version = "2.0.119"
source = "registry+https://github.com/rust-lang/crates.io-index"
checksum = "872831b642d1a07999a962a351ed35b955ea2cfc8f3862091e2a240a84f17297"
dependencies = [
 "proc-macro2",
 "quote",
 "unicode-ident",
]

[[package]]
name = "syn"
version = "3.0.5"
source = "registry+https://github.com/rust-lang/crates.io-index"
checksum = "12df2e0110f65b775f769bb17ef989067a1d931b2eb822bd4346631eeada89f9"
dependencies = [
 "proc-macro2",
 "quote",
 "unicode-ident",
]

[[package]]
name = "thiserror"
version = "2.0.20"
source = "registry+https://github.com/rust-lang/crates.io-index"
checksum = "ec86235f5fcc2a73650310756d2ac5b138a5780bbbdfae3eeccec992c435ba4f"
dependencies = [
 "thiserror-impl",
]

[[package]]
name = "thiserror-impl"
version = "2.0.20"
source = "registry+https://github.com/rust-lang/crates.io-index"
checksum = "bc04cd3e1236dd4a98afca4569f2deb3f120e5422a4023be2cb683f8486292af"
dependencies = [
 "proc-macro2",
 "quote",
 "syn 3.0.5",
]

[[package]]
name = "tracing"
version = "0.1.44"
source = "registry+https://github.com/rust-lang/crates.io-index"
checksum = "63e71662fa4b2a2c3a26f570f037eb95bb1f85397f3cd8076caed2f026a6d100"
dependencies = [
 "pin-project-lite",
 "tracing-attributes",
 "tracing-core",
]

[[package]]
name = "tracing-attributes"
version = "0.1.31"
source = "registry+https://github.com/rust-lang/crates.io-index"
checksum = "7490cfa5ec963746568740651ac6781f701c9c5ea257c58e057f3ba8cf69e8da"
dependencies = [
 "proc-macro2",
 "quote",
 "syn 2.0.119",
]

[[package]]
name = "tracing-core"
version = "0.1.36"
source = "registry+https://github.com/rust-lang/crates.io-index"
checksum = "db97caf9d906fbde555dd62fa95ddba9eecfd14cb388e4f491a66d74cd5fb79a"

[[package]]
name = "typenum"
version = "1.20.1"
source = "registry+https://github.com/rust-lang/crates.io-index"
checksum = "b6f5e870be6c3b371b77fe0ee0bafb859fa4964b4404c27de1d380043c4dda20"

[[package]]
name = "unicode-ident"
version = "1.0.24"
source = "registry+https://github.com/rust-lang/crates.io-index"
checksum = "e6e4313cd5fcd3dad5cafa179702e2b244f760991f45397d14d4ebf38247da75"

[[package]]
name = "universal-hash"
version = "0.6.1"
source = "registry+https://github.com/rust-lang/crates.io-index"
checksum = "f4987bdc12753382e0bec4a65c50738ffaabc998b9cdd1f952fb5f39b0048a96"
dependencies = [
 "crypto-common",
 "ctutils",
]

[[package]]
name = "zeroize"
version = "1.9.0"
source = "registry+https://github.com/rust-lang/crates.io-index"
checksum = "e13c156562582aa81c60cb29407084cdb54c4164760106ab78e6c5b0858cf64e"
